
Microsoft Visual Studio Solution File, Format Version 12.00
# Visual Studio Version 17
VisualStudioVersion = 17.12.35514.174
MinimumVisualStudioVersion = 10.0.40219.1
Project("{FAE04EC0-301F-11D3-BF4B-00C04F79EFBC}") = "01", "01\01.csproj", "{17204200-E438-4096-965D-ECBC35AC11A7}"
EndProject
Project("{FAE04EC0-301F-11D3-BF4B-00C04F79EFBC}") = "02", "02\02.csproj", "{4EE8DB52-DC9A-49BB-83ED-602DF8A63D71}"
EndProject
Project("{FAE04EC0-301F-11D3-BF4B-00C04F79EFBC}") = "03", "03\03.csproj", "{FDE5DF6F-26C7-4248-8B41-702A512C9973}"
EndProject
Project("{FAE04EC0-301F-11D3-BF4B-00C04F79EFBC}") = "04", "04\04.csproj", "{40DCB406-B0C9-49B8-A65D-E97241815F8E}"
EndProject
Project("{FAE04EC0-301F-11D3-BF4B-00C04F79EFBC}") = "05", "05\05.csproj", "{78651D4C-5019-4845-B8FA-81EC8524A5E2}"
EndProject
Project("{FAE04EC0-301F-11D3-BF4B-00C04F79EFBC}") = "06", "06\06.csproj", "{A2A7DF6C-A9C3-47DD-A926-392802D52C62}"
EndProject
Project("{FAE04EC0-301F-11D3-BF4B-00C04F79EFBC}") = "07", "07\07.csproj", "{43AD277F-0575-43D7-BC75-B4906524DAAD}"
EndProject
Project("{FAE04EC0-301F-11D3-BF4B-00C04F79EFBC}") = "08", "08\08.csproj", "{32E37365-8DD3-48F6-B629-FE887AFADB5B}"
EndProject
Project("{FAE04EC0-301F-11D3-BF4B-00C04F79EFBC}") = "09", "09\09.csproj", "{A5C932CA-C868-4F82-8B99-EDC71171DBCD}"
EndProject
Project("{FAE04EC0-301F-11D3-BF4B-00C04F79EFBC}") = "10", "10\10.csproj", "{414436E5-7655-4A86-968C-362F633CCA6D}"
EndProject
Project("{FAE04EC0-301F-11D3-BF4B-00C04F79EFBC}") = "11", "11\11.csproj", "{F932B205-3FB1-44C4-A4E0-A9143216FAC9}"
EndProject
Project("{FAE04EC0-301F-11D3-BF4B-00C04F79EFBC}") = "12", "12\12.csproj", "{CA6EB03C-C009-42DB-B789-0E81CD03FFB1}"
EndProject
Project("{FAE04EC0-301F-11D3-BF4B-00C04F79EFBC}") = "13", "13\13.csproj", "{A3CEA057-12B8-42D6-AA39-4B6C12F9447E}"
EndProject
Project("{FAE04EC0-301F-11D3-BF4B-00C04F79EFBC}") = "14", "14\14.csproj", "{10037BCB-907D-4582-935D-C18CAF52FD86}"
EndProject
Project("{FAE04EC0-301F-11D3-BF4B-00C04F79EFBC}") = "15", "15\15.csproj", "{E4B03E6D-372F-4D81-86B7-17954E80B3F9}"
EndProject
Project("{FAE04EC0-301F-11D3-BF4B-00C04F79EFBC}") = "16", "16\16.csproj", "{F90A2C47-AE9A-4282-B2B1-69A3B507A8DC}"
EndProject
Project("{FAE04EC0-301F-11D3-BF4B-00C04F79EFBC}") = "17", "17\17.csproj", "{579FCCEE-5EC0-4887-AAF6-9A809F04F4E5}"
EndProject
Project("{FAE04EC0-301F-11D3-BF4B-00C04F79EFBC}") = "18", "18\18.csproj", "{FB74E5A3-3691-4022-8DE5-85E01B2CF6B6}"
EndProject
Project("{FAE04EC0-301F-11D3-BF4B-00C04F79EFBC}") = "19", "19\19.csproj", "{A11614E5-D2F1-4D45-86DF-ACE30878CB84}"
EndProject
Project("{FAE04EC0-301F-11D3-BF4B-00C04F79EFBC}") = "20", "20\20.csproj", "{0BD55D1E-CC5C-434A-A6DB-50A9DEBA47D1}"
EndProject
Project("{FAE04EC0-301F-11D3-BF4B-00C04F79EFBC}") = "21", "21\21.csproj", "{822FCB7F-BDD6-4112-98D3-742748B6A818}"
EndProject
Project("{FAE04EC0-301F-11D3-BF4B-00C04F79EFBC}") = "22", "22\22.csproj", "{2695747B-75B1-453B-8AA1-4A50D0A62007}"
EndProject
Project("{FAE04EC0-301F-11D3-BF4B-00C04F79EFBC}") = "23", "23\23.csproj", "{2C89F75B-1365-4466-A903-4DFA92A21C14}"
EndProject
Project("{FAE04EC0-301F-11D3-BF4B-00C04F79EFBC}") = "24", "24\24.csproj", "{4F7804A2-30AC-46C0-9BA0-B6E1BB8BC02E}"
EndProject
Project("{FAE04EC0-301F-11D3-BF4B-00C04F79EFBC}") = "25", "25\25.csproj", "{E94A880F-B0C4-41B6-83F2-E8E9B905DADB}"
EndProject
Global
	GlobalSection(SolutionConfigurationPlatforms) = preSolution
		Debug|Any CPU = Debug|Any CPU
		Release|Any CPU = Release|Any CPU
	EndGlobalSection
	GlobalSection(ProjectConfigurationPlatforms) = postSolution
		{17204200-E438-4096-965D-ECBC35AC11A7}.Debug|Any CPU.ActiveCfg = Debug|Any CPU
		{17204200-E438-4096-965D-ECBC35AC11A7}.Debug|Any CPU.Build.0 = Debug|Any CPU
		{17204200-E438-4096-965D-ECBC35AC11A7}.Release|Any CPU.ActiveCfg = Release|Any CPU
		{17204200-E438-4096-965D-ECBC35AC11A7}.Release|Any CPU.Build.0 = Release|Any CPU
		{4EE8DB52-DC9A-49BB-83ED-602DF8A63D71}.Debug|Any CPU.ActiveCfg = Debug|Any CPU
		{4EE8DB52-DC9A-49BB-83ED-602DF8A63D71}.Debug|Any CPU.Build.0 = Debug|Any CPU
		{4EE8DB52-DC9A-49BB-83ED-602DF8A63D71}.Release|Any CPU.ActiveCfg = Release|Any CPU
		{4EE8DB52-DC9A-49BB-83ED-602DF8A63D71}.Release|Any CPU.Build.0 = Release|Any CPU
		{FDE5DF6F-26C7-4248-8B41-702A512C9973}.Debug|Any CPU.ActiveCfg = Debug|Any CPU
		{FDE5DF6F-26C7-4248-8B41-702A512C9973}.Debug|Any CPU.Build.0 = Debug|Any CPU
		{FDE5DF6F-26C7-4248-8B41-702A512C9973}.Release|Any CPU.ActiveCfg = Release|Any CPU
		{FDE5DF6F-26C7-4248-8B41-702A512C9973}.Release|Any CPU.Build.0 = Release|Any CPU
		{40DCB406-B0C9-49B8-A65D-E97241815F8E}.Debug|Any CPU.ActiveCfg = Debug|Any CPU
		{40DCB406-B0C9-49B8-A65D-E97241815F8E}.Debug|Any CPU.Build.0 = Debug|Any CPU
		{40DCB406-B0C9-49B8-A65D-E97241815F8E}.Release|Any CPU.ActiveCfg = Release|Any CPU
		{40DCB406-B0C9-49B8-A65D-E97241815F8E}.Release|Any CPU.Build.0 = Release|Any CPU
		{78651D4C-5019-4845-B8FA-81EC8524A5E2}.Debug|Any CPU.ActiveCfg = Debug|Any CPU
		{78651D4C-5019-4845-B8FA-81EC8524A5E2}.Debug|Any CPU.Build.0 = Debug|Any CPU
		{78651D4C-5019-4845-B8FA-81EC8524A5E2}.Release|Any CPU.ActiveCfg = Release|Any CPU
		{78651D4C-5019-4845-B8FA-81EC8524A5E2}.Release|Any CPU.Build.0 = Release|Any CPU
		{A2A7DF6C-A9C3-47DD-A926-392802D52C62}.Debug|Any CPU.ActiveCfg = Debug|Any CPU
		{A2A7DF6C-A9C3-47DD-A926-392802D52C62}.Debug|Any CPU.Build.0 = Debug|Any CPU
		{A2A7DF6C-A9C3-47DD-A926-392802D52C62}.Release|Any CPU.ActiveCfg = Release|Any CPU
		{A2A7DF6C-A9C3-47DD-A926-392802D52C62}.Release|Any CPU.Build.0 = Release|Any CPU
		{43AD277F-0575-43D7-BC75-B4906524DAAD}.Debug|Any CPU.ActiveCfg = Debug|Any CPU
		{43AD277F-0575-43D7-BC75-B4906524DAAD}.Debug|Any CPU.Build.0 = Debug|Any CPU
		{43AD277F-0575-43D7-BC75-B4906524DAAD}.Release|Any CPU.ActiveCfg = Release|Any CPU
		{43AD277F-0575-43D7-BC75-B4906524DAAD}.Release|Any CPU.Build.0 = Release|Any CPU
		{32E37365-8DD3-48F6-B629-FE887AFADB5B}.Debug|Any CPU.ActiveCfg = Debug|Any CPU
		{32E37365-8DD3-48F6-B629-FE887AFADB5B}.Debug|Any CPU.Build.0 = Debug|Any CPU
		{32E37365-8DD3-48F6-B629-FE887AFADB5B}.Release|Any CPU.ActiveCfg = Release|Any CPU
		{32E37365-8DD3-48F6-B629-FE887AFADB5B}.Release|Any CPU.Build.0 = Release|Any CPU
		{A5C932CA-C868-4F82-8B99-EDC71171DBCD}.Debug|Any CPU.ActiveCfg = Debug|Any CPU
		{A5C932CA-C868-4F82-8B99-EDC71171DBCD}.Debug|Any CPU.Build.0 = Debug|Any CPU
		{A5C932CA-C868-4F82-8B99-EDC71171DBCD}.Release|Any CPU.ActiveCfg = Release|Any CPU
		{A5C932CA-C868-4F82-8B99-EDC71171DBCD}.Release|Any CPU.Build.0 = Release|Any CPU
		{414436E5-7655-4A86-968C-362F633CCA6D}.Debug|Any CPU.ActiveCfg = Debug|Any CPU
		{414436E5-7655-4A86-968C-362F633CCA6D}.Debug|Any CPU.Build.0 = Debug|Any CPU
		{414436E5-7655-4A86-968C-362F633CCA6D}.Release|Any CPU.ActiveCfg = Release|Any CPU
		{414436E5-7655-4A86-968C-362F633CCA6D}.Release|Any CPU.Build.0 = Release|Any CPU
		{F932B205-3FB1-44C4-A4E0-A9143216FAC9}.Debug|Any CPU.ActiveCfg = Debug|Any CPU
		{F932B205-3FB1-44C4-A4E0-A9143216FAC9}.Debug|Any CPU.Build.0 = Debug|Any CPU
		{F932B205-3FB1-44C4-A4E0-A9143216FAC9}.Release|Any CPU.ActiveCfg = Release|Any CPU
		{F932B205-3FB1-44C4-A4E0-A9143216FAC9}.Release|Any CPU.Build.0 = Release|Any CPU
		{CA6EB03C-C009-42DB-B789-0E81CD03FFB1}.Debug|Any CPU.ActiveCfg = Debug|Any CPU
		{CA6EB03C-C009-42DB-B789-0E81CD03FFB1}.Debug|Any CPU.Build.0 = Debug|Any CPU
		{CA6EB03C-C009-42DB-B789-0E81CD03FFB1}.Release|Any CPU.ActiveCfg = Release|Any CPU
		{CA6EB03C-C009-42DB-B789-0E81CD03FFB1}.Release|Any CPU.Build.0 = Release|Any CPU
		{A3CEA057-12B8-42D6-AA39-4B6C12F9447E}.Debug|Any CPU.ActiveCfg = Debug|Any CPU
		{A3CEA057-12B8-42D6-AA39-4B6C12F9447E}.Debug|Any CPU.Build.0 = Debug|Any CPU
		{A3CEA057-12B8-42D6-AA39-4B6C12F9447E}.Release|Any CPU.ActiveCfg = Release|Any CPU
		{A3CEA057-12B8-42D6-AA39-4B6C12F9447E}.Release|Any CPU.Build.0 = Release|Any CPU
		{10037BCB-907D-4582-935D-C18CAF52FD86}.Debug|Any CPU.ActiveCfg = Debug|Any CPU
		{10037BCB-907D-4582-935D-C18CAF52FD86}.Debug|Any CPU.Build.0 = Debug|Any CPU
		{10037BCB-907D-4582-935D-C18CAF52FD86}.Release|Any CPU.ActiveCfg = Release|Any CPU
		{10037BCB-907D-4582-935D-C18CAF52FD86}.Release|Any CPU.Build.0 = Release|Any CPU
		{E4B03E6D-372F-4D81-86B7-17954E80B3F9}.Debug|Any CPU.ActiveCfg = Debug|Any CPU
		{E4B03E6D-372F-4D81-86B7-17954E80B3F9}.Debug|Any CPU.Build.0 = Debug|Any CPU
		{E4B03E6D-372F-4D81-86B7-17954E80B3F9}.Release|Any CPU.ActiveCfg = Release|Any CPU
		{E4B03E6D-372F-4D81-86B7-17954E80B3F9}.Release|Any CPU.Build.0 = Release|Any CPU
		{F90A2C47-AE9A-4282-B2B1-69A3B507A8DC}.Debug|Any CPU.ActiveCfg = Debug|Any CPU
		{F90A2C47-AE9A-4282-B2B1-69A3B507A8DC}.Debug|Any CPU.Build.0 = Debug|Any CPU
		{F90A2C47-AE9A-4282-B2B1-69A3B507A8DC}.Release|Any CPU.ActiveCfg = Release|Any CPU
		{F90A2C47-AE9A-4282-B2B1-69A3B507A8DC}.Release|Any CPU.Build.0 = Release|Any CPU
		{579FCCEE-5EC0-4887-AAF6-9A809F04F4E5}.Debug|Any CPU.ActiveCfg = Debug|Any CPU
		{579FCCEE-5EC0-4887-AAF6-9A809F04F4E5}.Debug|Any CPU.Build.0 = Debug|Any CPU
		{579FCCEE-5EC0-4887-AAF6-9A809F04F4E5}.Release|Any CPU.ActiveCfg = Release|Any CPU
		{579FCCEE-5EC0-4887-AAF6-9A809F04F4E5}.Release|Any CPU.Build.0 = Release|Any CPU
		{FB74E5A3-3691-4022-8DE5-85E01B2CF6B6}.Debug|Any CPU.ActiveCfg = Debug|Any CPU
		{FB74E5A3-3691-4022-8DE5-85E01B2CF6B6}.Debug|Any CPU.Build.0 = Debug|Any CPU
		{FB74E5A3-3691-4022-8DE5-85E01B2CF6B6}.Release|Any CPU.ActiveCfg = Release|Any CPU
		{FB74E5A3-3691-4022-8DE5-85E01B2CF6B6}.Release|Any CPU.Build.0 = Release|Any CPU
		{A11614E5-D2F1-4D45-86DF-ACE30878CB84}.Debug|Any CPU.ActiveCfg = Debug|Any CPU
		{A11614E5-D2F1-4D45-86DF-ACE30878CB84}.Debug|Any CPU.Build.0 = Debug|Any CPU
		{A11614E5-D2F1-4D45-86DF-ACE30878CB84}.Release|Any CPU.ActiveCfg = Release|Any CPU
		{A11614E5-D2F1-4D45-86DF-ACE30878CB84}.Release|Any CPU.Build.0 = Release|Any CPU
		{0BD55D1E-CC5C-434A-A6DB-50A9DEBA47D1}.Debug|Any CPU.ActiveCfg = Debug|Any CPU
		{0BD55D1E-CC5C-434A-A6DB-50A9DEBA47D1}.Debug|Any CPU.Build.0 = Debug|Any CPU
		{0BD55D1E-CC5C-434A-A6DB-50A9DEBA47D1}.Release|Any CPU.ActiveCfg = Release|Any CPU
		{0BD55D1E-CC5C-434A-A6DB-50A9DEBA47D1}.Release|Any CPU.Build.0 = Release|Any CPU
		{822FCB7F-BDD6-4112-98D3-742748B6A818}.Debug|Any CPU.ActiveCfg = Debug|Any CPU
		{822FCB7F-BDD6-4112-98D3-742748B6A818}.Debug|Any CPU.Build.0 = Debug|Any CPU
		{822FCB7F-BDD6-4112-98D3-742748B6A818}.Release|Any CPU.ActiveCfg = Release|Any CPU
		{822FCB7F-BDD6-4112-98D3-742748B6A818}.Release|Any CPU.Build.0 = Release|Any CPU
		{2695747B-75B1-453B-8AA1-4A50D0A62007}.Debug|Any CPU.ActiveCfg = Debug|Any CPU
		{2695747B-75B1-453B-8AA1-4A50D0A62007}.Debug|Any CPU.Build.0 = Debug|Any CPU
		{2695747B-75B1-453B-8AA1-4A50D0A62007}.Release|Any CPU.ActiveCfg = Release|Any CPU
		{2695747B-75B1-453B-8AA1-4A50D0A62007}.Release|Any CPU.Build.0 = Release|Any CPU
		{2C89F75B-1365-4466-A903-4DFA92A21C14}.Debug|Any CPU.ActiveCfg = Debug|Any CPU
		{2C89F75B-1365-4466-A903-4DFA92A21C14}.Debug|Any CPU.Build.0 = Debug|Any CPU
		{2C89F75B-1365-4466-A903-4DFA92A21C14}.Release|Any CPU.ActiveCfg = Release|Any CPU
		{2C89F75B-1365-4466-A903-4DFA92A21C14}.Release|Any CPU.Build.0 = Release|Any CPU
		{4F7804A2-30AC-46C0-9BA0-B6E1BB8BC02E}.Debug|Any CPU.ActiveCfg = Debug|Any CPU
		{4F7804A2-30AC-46C0-9BA0-B6E1BB8BC02E}.Debug|Any CPU.Build.0 = Debug|Any CPU
		{4F7804A2-30AC-46C0-9BA0-B6E1BB8BC02E}.Release|Any CPU.ActiveCfg = Release|Any CPU
		{4F7804A2-30AC-46C0-9BA0-B6E1BB8BC02E}.Release|Any CPU.Build.0 = Release|Any CPU
		{E94A880F-B0C4-41B6-83F2-E8E9B905DADB}.Debug|Any CPU.ActiveCfg = Debug|Any CPU
		{E94A880F-B0C4-41B6-83F2-E8E9B905DADB}.Debug|Any CPU.Build.0 = Debug|Any CPU
		{E94A880F-B0C4-41B6-83F2-E8E9B905DADB}.Release|Any CPU.ActiveCfg = Release|Any CPU
		{E94A880F-B0C4-41B6-83F2-E8E9B905DADB}.Release|Any CPU.Build.0 = Release|Any CPU
	EndGlobalSection
	GlobalSection(SolutionProperties) = preSolution
		HideSolutionNode = FALSE
	EndGlobalSection
EndGlobal
